
Microsoft Visual Studio Solution File, Format Version 12.00
# Visual Studio 15
VisualStudioVersion = 15.0.26730.10
MinimumVisualStudioVersion = 10.0.40219.1
Project("{FAE04EC0-301F-11D3-BF4B-00C04F79EFBC}") = "Task01", "Task01\Task01.csproj", "{BD8F058B-B98D-47DC-B06F-20C6B5004A9D}"
EndProject
Project("{FAE04EC0-301F-11D3-BF4B-00C04F79EFBC}") = "Common", "Common\Common.csproj", "{CFB9E54B-5B20-4831-9E23-150398401971}"
EndProject
Project("{FAE04EC0-301F-11D3-BF4B-00C04F79EFBC}") = "Task02", "Task02\Task02.csproj", "{CD68232F-E553-4ECA-9493-B21E87F37475}"
EndProject
Project("{FAE04EC0-301F-11D3-BF4B-00C04F79EFBC}") = "Test03", "Test03\Test03.csproj", "{2FDAEF3E-5ADC-44F0-90D0-771A2CF8D0DA}"
EndProject
Project("{FAE04EC0-301F-11D3-BF4B-00C04F79EFBC}") = "Test04", "Test04\Test04.csproj", "{D563B1BD-95C8-45D1-ADBA-D92FA3177721}"
EndProject
Project("{FAE04EC0-301F-11D3-BF4B-00C04F79EFBC}") = "BusinessLogic", "BusinessLogic\BusinessLogic.csproj", "{F6D39F38-B203-4D60-AB6E-08F1D8BC068C}"
EndProject
Project("{FAE04EC0-301F-11D3-BF4B-00C04F79EFBC}") = "Infrastructure", "Infrastructure\Infrastructure.csproj", "{7026C3B9-1702-4980-A5A4-3725D7A42D30}"
EndProject
Project("{FAE04EC0-301F-11D3-BF4B-00C04F79EFBC}") = "Test05", "Test05\Test05.csproj", "{FEAB338A-41A0-4A21-9D6C-FB93B73F9AB1}"
EndProject
Global
	GlobalSection(SolutionConfigurationPlatforms) = preSolution
		Debug|Any CPU = Debug|Any CPU
		Release|Any CPU = Release|Any CPU
	EndGlobalSection
	GlobalSection(ProjectConfigurationPlatforms) = postSolution
		{BD8F058B-B98D-47DC-B06F-20C6B5004A9D}.Debug|Any CPU.ActiveCfg = Debug|Any CPU
		{BD8F058B-B98D-47DC-B06F-20C6B5004A9D}.Debug|Any CPU.Build.0 = Debug|Any CPU
		{BD8F058B-B98D-47DC-B06F-20C6B5004A9D}.Release|Any CPU.ActiveCfg = Release|Any CPU
		{BD8F058B-B98D-47DC-B06F-20C6B5004A9D}.Release|Any CPU.Build.0 = Release|Any CPU
		{CFB9E54B-5B20-4831-9E23-150398401971}.Debug|Any CPU.ActiveCfg = Debug|Any CPU
		{CFB9E54B-5B20-4831-9E23-150398401971}.Debug|Any CPU.Build.0 = Debug|Any CPU
		{CFB9E54B-5B20-4831-9E23-150398401971}.Release|Any CPU.ActiveCfg = Release|Any CPU
		{CFB9E54B-5B20-4831-9E23-150398401971}.Release|Any CPU.Build.0 = Release|Any CPU
		{CD68232F-E553-4ECA-9493-B21E87F37475}.Debug|Any CPU.ActiveCfg = Debug|Any CPU
		{CD68232F-E553-4ECA-9493-B21E87F37475}.Debug|Any CPU.Build.0 = Debug|Any CPU
		{CD68232F-E553-4ECA-9493-B21E87F37475}.Release|Any CPU.ActiveCfg = Release|Any CPU
		{CD68232F-E553-4ECA-9493-B21E87F37475}.Release|Any CPU.Build.0 = Release|Any CPU
		{2FDAEF3E-5ADC-44F0-90D0-771A2CF8D0DA}.Debug|Any CPU.ActiveCfg = Debug|Any CPU
		{2FDAEF3E-5ADC-44F0-90D0-771A2CF8D0DA}.Debug|Any CPU.Build.0 = Debug|Any CPU
		{2FDAEF3E-5ADC-44F0-90D0-771A2CF8D0DA}.Release|Any CPU.ActiveCfg = Release|Any CPU
		{2FDAEF3E-5ADC-44F0-90D0-771A2CF8D0DA}.Release|Any CPU.Build.0 = Release|Any CPU
		{D563B1BD-95C8-45D1-ADBA-D92FA3177721}.Debug|Any CPU.ActiveCfg = Debug|Any CPU
		{D563B1BD-95C8-45D1-ADBA-D92FA3177721}.Debug|Any CPU.Build.0 = Debug|Any CPU
		{D563B1BD-95C8-45D1-ADBA-D92FA3177721}.Release|Any CPU.ActiveCfg = Release|Any CPU
		{D563B1BD-95C8-45D1-ADBA-D92FA3177721}.Release|Any CPU.Build.0 = Release|Any CPU
		{F6D39F38-B203-4D60-AB6E-08F1D8BC068C}.Debug|Any CPU.ActiveCfg = Debug|Any CPU
		{F6D39F38-B203-4D60-AB6E-08F1D8BC068C}.Debug|Any CPU.Build.0 = Debug|Any CPU
		{F6D39F38-B203-4D60-AB6E-08F1D8BC068C}.Release|Any CPU.ActiveCfg = Release|Any CPU
		{F6D39F38-B203-4D60-AB6E-08F1D8BC068C}.Release|Any CPU.Build.0 = Release|Any CPU
		{7026C3B9-1702-4980-A5A4-3725D7A42D30}.Debug|Any CPU.ActiveCfg = Debug|Any CPU
		{7026C3B9-1702-4980-A5A4-3725D7A42D30}.Debug|Any CPU.Build.0 = Debug|Any CPU
		{7026C3B9-1702-4980-A5A4-3725D7A42D30}.Release|Any CPU.ActiveCfg = Release|Any CPU
		{7026C3B9-1702-4980-A5A4-3725D7A42D30}.Release|Any CPU.Build.0 = Release|Any CPU
		{FEAB338A-41A0-4A21-9D6C-FB93B73F9AB1}.Debug|Any CPU.ActiveCfg = Debug|Any CPU
		{FEAB338A-41A0-4A21-9D6C-FB93B73F9AB1}.Debug|Any CPU.Build.0 = Debug|Any CPU
		{FEAB338A-41A0-4A21-9D6C-FB93B73F9AB1}.Release|Any CPU.ActiveCfg = Release|Any CPU
		{FEAB338A-41A0-4A21-9D6C-FB93B73F9AB1}.Release|Any CPU.Build.0 = Release|Any CPU
	EndGlobalSection
	GlobalSection(SolutionProperties) = preSolution
		HideSolutionNode = FALSE
	EndGlobalSection
	GlobalSection(ExtensibilityGlobals) = postSolution
		SolutionGuid = {AD0EBD54-8510-43D8-9385-57127602C9FD}
	EndGlobalSection
EndGlobal
